
Microsoft Visual Studio Solution File, Format Version 12.00
# Visual Studio Version 17
VisualStudioVersion = 17.8.34330.188
MinimumVisualStudioVersion = 10.0.40219.1
Project("{FAE04EC0-301F-11D3-BF4B-00C04F79EFBC}") = "Metod som returnerar sträng", "Metod som returnerar sträng.csproj", "{3CD988E0-16D8-4EE4-9B9C-2D1D41FFF75A}"
EndProject
Global
	GlobalSection(SolutionConfigurationPlatforms) = preSolution
		Debug|Any CPU = Debug|Any CPU
		Release|Any CPU = Release|Any CPU
	EndGlobalSection
	GlobalSection(ProjectConfigurationPlatforms) = postSolution
		{3CD988E0-16D8-4EE4-9B9C-2D1D41FFF75A}.Debug|Any CPU.ActiveCfg = Debug|Any CPU
		{3CD988E0-16D8-4EE4-9B9C-2D1D41FFF75A}.Debug|Any CPU.Build.0 = Debug|Any CPU
		{3CD988E0-16D8-4EE4-9B9C-2D1D41FFF75A}.Release|Any CPU.ActiveCfg = Release|Any CPU
		{3CD988E0-16D8-4EE4-9B9C-2D1D41FFF75A}.Release|Any CPU.Build.0 = Release|Any CPU
	EndGlobalSection
	GlobalSection(SolutionProperties) = preSolution
		HideSolutionNode = FALSE
	EndGlobalSection
	GlobalSection(ExtensibilityGlobals) = postSolution
		SolutionGuid = {32DC31DD-39BC-47FC-8E1B-F4E4948C332F}
	EndGlobalSection
EndGlobal
